
Microsoft Visual Studio Solution File, Format Version 12.00
# Visual Studio Version 17
VisualStudioVersion = 17.9.34622.214
MinimumVisualStudioVersion = 10.0.40219.1
Project("{2150E333-8FDC-42A3-9474-1A3956D46DE8}") = "OAuthSSOSamples", "OAuthSSOSamples", "{7E0CC75E-06B0-4884-935A-E3B88F70EE34}"
EndProject
Project("{9A19103F-16F7-4668-BE54-9A1E7A4F7556}") = "OAuthSSOServer", "OAuthSSOSamples\OAuthSSOServer\OAuthSSOServer.csproj", "{9FA9002E-19E1-459F-BC47-9FC3FFE12480}"
EndProject
Project("{9A19103F-16F7-4668-BE54-9A1E7A4F7556}") = "OAuthSSOClient", "OAuthSSOSamples\OAuthSSOClient\OAuthSSOClient.csproj", "{85DD583A-EEB6-481A-BAF1-6D91562B0286}"
EndProject
Global
	GlobalSection(SolutionConfigurationPlatforms) = preSolution
		Debug|Any CPU = Debug|Any CPU
		Release|Any CPU = Release|Any CPU
	EndGlobalSection
	GlobalSection(ProjectConfigurationPlatforms) = postSolution
		{9FA9002E-19E1-459F-BC47-9FC3FFE12480}.Debug|Any CPU.ActiveCfg = Debug|Any CPU
		{9FA9002E-19E1-459F-BC47-9FC3FFE12480}.Debug|Any CPU.Build.0 = Debug|Any CPU
		{9FA9002E-19E1-459F-BC47-9FC3FFE12480}.Release|Any CPU.ActiveCfg = Release|Any CPU
		{9FA9002E-19E1-459F-BC47-9FC3FFE12480}.Release|Any CPU.Build.0 = Release|Any CPU
		{85DD583A-EEB6-481A-BAF1-6D91562B0286}.Debug|Any CPU.ActiveCfg = Debug|Any CPU
		{85DD583A-EEB6-481A-BAF1-6D91562B0286}.Debug|Any CPU.Build.0 = Debug|Any CPU
		{85DD583A-EEB6-481A-BAF1-6D91562B0286}.Release|Any CPU.ActiveCfg = Release|Any CPU
		{85DD583A-EEB6-481A-BAF1-6D91562B0286}.Release|Any CPU.Build.0 = Release|Any CPU
	EndGlobalSection
	GlobalSection(SolutionProperties) = preSolution
		HideSolutionNode = FALSE
	EndGlobalSection
	GlobalSection(NestedProjects) = preSolution
		{9FA9002E-19E1-459F-BC47-9FC3FFE12480} = {7E0CC75E-06B0-4884-935A-E3B88F70EE34}
		{85DD583A-EEB6-481A-BAF1-6D91562B0286} = {7E0CC75E-06B0-4884-935A-E3B88F70EE34}
	EndGlobalSection
	GlobalSection(ExtensibilityGlobals) = postSolution
		SolutionGuid = {7FE04AF4-3256-43EB-8618-30C99A216912}
	EndGlobalSection
EndGlobal
