
Microsoft Visual Studio Solution File, Format Version 12.00
# Visual Studio Version 17
VisualStudioVersion = 17.6.33815.320
MinimumVisualStudioVersion = 10.0.40219.1
Project("{9A19103F-16F7-4668-BE54-9A1E7A4F7556}") = "MDP.AspNetCore.Authentication", "MDP.AspNetCore.Authentication\MDP.AspNetCore.Authentication.csproj", "{579C7E67-5702-470D-851B-E26D8508E81C}"
EndProject
Project("{9A19103F-16F7-4668-BE54-9A1E7A4F7556}") = "MDP.AspNetCore.Authentication.Lab", "MDP.AspNetCore.Authentication.Lab\MDP.AspNetCore.Authentication.Lab.csproj", "{CD53A4C1-1C1D-463A-A2A0-C77698D908B2}"
EndProject
Project("{9A19103F-16F7-4668-BE54-9A1E7A4F7556}") = "MDP.AspNetCore.Authentication.Facebook", "MDP.AspNetCore.Authentication.Facebook\MDP.AspNetCore.Authentication.Facebook.csproj", "{5E5CEECB-F7D8-4E5A-899D-A478278BBB53}"
EndProject
Project("{9A19103F-16F7-4668-BE54-9A1E7A4F7556}") = "MDP.AspNetCore.Authentication.Facebook.Lab", "MDP.AspNetCore.Authentication.Facebook.Lab\MDP.AspNetCore.Authentication.Facebook.Lab.csproj", "{B5ED4DB4-B363-49B3-BBF4-6B749756B1F1}"
EndProject
Project("{9A19103F-16F7-4668-BE54-9A1E7A4F7556}") = "MDP.AspNetCore.Authentication.GitHub", "MDP.AspNetCore.Authentication.GitHub\MDP.AspNetCore.Authentication.GitHub.csproj", "{53C26EE1-3A98-4DDD-B0F9-9AC040BA125B}"
EndProject
Project("{9A19103F-16F7-4668-BE54-9A1E7A4F7556}") = "MDP.AspNetCore.Authentication.GitHub.Lab", "MDP.AspNetCore.Authentication.GitHub.Lab\MDP.AspNetCore.Authentication.GitHub.Lab.csproj", "{EAA8A1A1-2BCB-411A-AB58-325628806612}"
EndProject
Project("{9A19103F-16F7-4668-BE54-9A1E7A4F7556}") = "MDP.AspNetCore.Authentication.Google", "MDP.AspNetCore.Authentication.Google\MDP.AspNetCore.Authentication.Google.csproj", "{93ED82F8-49FC-4227-B30B-37BBCD174827}"
EndProject
Project("{9A19103F-16F7-4668-BE54-9A1E7A4F7556}") = "MDP.AspNetCore.Authentication.Google.Lab", "MDP.AspNetCore.Authentication.Google.Lab\MDP.AspNetCore.Authentication.Google.Lab.csproj", "{417D6C8C-9B46-4F32-98A3-FA706B466492}"
EndProject
Project("{9A19103F-16F7-4668-BE54-9A1E7A4F7556}") = "MDP.AspNetCore.Authentication.Liff", "MDP.AspNetCore.Authentication.Liff\MDP.AspNetCore.Authentication.Liff.csproj", "{B8A47634-0A51-409C-B512-18853DD58445}"
EndProject
Project("{9A19103F-16F7-4668-BE54-9A1E7A4F7556}") = "MDP.AspNetCore.Authentication.Liff.Lab", "MDP.AspNetCore.Authentication.Liff.Lab\MDP.AspNetCore.Authentication.Liff.Lab.csproj", "{574E26B6-F874-4BF6-ACD8-41C9545C9E0B}"
EndProject
Project("{9A19103F-16F7-4668-BE54-9A1E7A4F7556}") = "MDP.AspNetCore.Authentication.Line", "MDP.AspNetCore.Authentication.Line\MDP.AspNetCore.Authentication.Line.csproj", "{7D21F06B-70A8-4123-807B-474C8C7ECE18}"
EndProject
Project("{9A19103F-16F7-4668-BE54-9A1E7A4F7556}") = "MDP.AspNetCore.Authentication.Line.Lab", "MDP.AspNetCore.Authentication.Line.Lab\MDP.AspNetCore.Authentication.Line.Lab.csproj", "{5808EF0A-4949-41A2-B8D5-3802B57F9C9F}"
EndProject
Project("{9A19103F-16F7-4668-BE54-9A1E7A4F7556}") = "MDP.AspNetCore.Authentication.Microsoft", "MDP.AspNetCore.Authentication.Microsoft\MDP.AspNetCore.Authentication.Microsoft.csproj", "{F778CF38-9AA3-4972-92B5-55EF0A893E40}"
EndProject
Project("{9A19103F-16F7-4668-BE54-9A1E7A4F7556}") = "MDP.AspNetCore.Authentication.Microsoft.Lab", "MDP.AspNetCore.Authentication.Microsoft.Lab\MDP.AspNetCore.Authentication.Microsoft.Lab.csproj", "{DDAA8304-DEC7-43D4-8666-704A871CF226}"
EndProject
Project("{9A19103F-16F7-4668-BE54-9A1E7A4F7556}") = "MDP.AspNetCore.Authentication.AzureAD.Users", "MDP.AspNetCore.Authentication.AzureAD.Users\MDP.AspNetCore.Authentication.AzureAD.Users.csproj", "{E18027A1-8E44-4590-9281-9088BE47FED3}"
EndProject
Project("{9A19103F-16F7-4668-BE54-9A1E7A4F7556}") = "MDP.AspNetCore.Authentication.AzureAD.Users.Lab", "MDP.AspNetCore.Authentication.AzureAD.Users.Lab\MDP.AspNetCore.Authentication.AzureAD.Users.Lab.csproj", "{3C3EE95C-4DD5-4D35-9079-DEDBCB10FDF4}"
EndProject
Project("{9A19103F-16F7-4668-BE54-9A1E7A4F7556}") = "MDP.AspNetCore.Authentication.AzureAD.Services", "MDP.AspNetCore.Authentication.AzureAD.Services\MDP.AspNetCore.Authentication.AzureAD.Services.csproj", "{F45FDAA6-5779-443A-9029-74A38D1AF323}"
EndProject
Project("{9A19103F-16F7-4668-BE54-9A1E7A4F7556}") = "MDP.AspNetCore.Authentication.AzureAD.Services.Lab", "MDP.AspNetCore.Authentication.AzureAD.Services.Lab\MDP.AspNetCore.Authentication.AzureAD.Services.Lab.csproj", "{179BC430-C593-4B9C-ADC1-EB4E237A33F5}"
EndProject
Project("{2150E333-8FDC-42A3-9474-1A3956D46DE8}") = "03.MDP.AspNetCore.Authorization", "03.MDP.AspNetCore.Authorization", "{C73DDDF6-CF5C-4935-9F8F-8AE5717C8A2E}"
EndProject
Project("{9A19103F-16F7-4668-BE54-9A1E7A4F7556}") = "MDP.AspNetCore.Authorization", "MDP.AspNetCore.Authorization\MDP.AspNetCore.Authorization.csproj", "{6B3F7BE7-3E23-4DDB-9BDA-CEA812497319}"
EndProject
Project("{9A19103F-16F7-4668-BE54-9A1E7A4F7556}") = "MDP.AspNetCore.Authorization.Lab", "MDP.AspNetCore.Authorization.Lab\MDP.AspNetCore.Authorization.Lab.csproj", "{9215427F-9042-43E6-80D3-C16D643A688B}"
EndProject
Project("{2150E333-8FDC-42A3-9474-1A3956D46DE8}") = "02.MDP.AspNetCore.Authentication", "02.MDP.AspNetCore.Authentication", "{37B13F09-6874-4083-839E-4EFC815809AB}"
EndProject
Project("{9A19103F-16F7-4668-BE54-9A1E7A4F7556}") = "MDP.AspNetCore.Authentication.SecurityTokens", "MDP.AspNetCore.Authentication.SecurityTokens\MDP.AspNetCore.Authentication.SecurityTokens.csproj", "{F5EF6F8C-A7A3-4FFA-82A0-BF9C52C0983D}"
EndProject
Project("{9A19103F-16F7-4668-BE54-9A1E7A4F7556}") = "MDP.AspNetCore.Authentication.SecurityTokens.Lab", "MDP.AspNetCore.Authentication.SecurityTokens.Lab\MDP.AspNetCore.Authentication.SecurityTokens.Lab.csproj", "{7169617A-447F-4F96-AA73-6F3E48858BF0}"
EndProject
Project("{2150E333-8FDC-42A3-9474-1A3956D46DE8}") = "01.MDP.AspNetCore", "01.MDP.AspNetCore", "{E4705273-E2D2-43EB-B431-8943CA3595B8}"
EndProject
Project("{9A19103F-16F7-4668-BE54-9A1E7A4F7556}") = "MDP.AspNetCore", "MDP.AspNetCore\MDP.AspNetCore.csproj", "{E65728DD-FA90-4C78-A289-805462F8B818}"
EndProject
Project("{9A19103F-16F7-4668-BE54-9A1E7A4F7556}") = "MDP.AspNetCore.Lab", "MDP.AspNetCore.Lab\MDP.AspNetCore.Lab.csproj", "{13009256-0BE8-4CC2-A38A-CA35D7DFFFEB}"
EndProject
Project("{2150E333-8FDC-42A3-9474-1A3956D46DE8}") = "10.OAuthSSO", "10.OAuthSSO", "{4D5ABD9C-AF57-49EC-A676-CD61EDD0FE68}"
EndProject
Project("{9A19103F-16F7-4668-BE54-9A1E7A4F7556}") = "MDP.AspNetCore.Authentication.OAuthSSO", "MDP.AspNetCore.Authentication.OAuthSSO\MDP.AspNetCore.Authentication.OAuthSSO.csproj", "{BE2176BD-9BD9-4C10-98FF-4825CC31FC91}"
EndProject
Project("{9A19103F-16F7-4668-BE54-9A1E7A4F7556}") = "MDP.AspNetCore.Authentication.OAuthSSO.Lab", "MDP.AspNetCore.Authentication.OAuthSSO.Lab\MDP.AspNetCore.Authentication.OAuthSSO.Lab.csproj", "{0F2BF976-9D03-47CB-82AA-11F8E8B48B0B}"
EndProject
Project("{9A19103F-16F7-4668-BE54-9A1E7A4F7556}") = "MDP.AspNetCore.Authentication.OAuthSSO.Server", "MDP.AspNetCore.Authentication.OAuthSSO.Server\MDP.AspNetCore.Authentication.OAuthSSO.Server.csproj", "{26867802-D0A5-46A5-9494-96679CE85D4E}"
EndProject
Project("{9A19103F-16F7-4668-BE54-9A1E7A4F7556}") = "MDP.AspNetCore.Authentication.OAuthSSO.Server.Lab", "MDP.AspNetCore.Authentication.OAuthSSO.Server.Lab\MDP.AspNetCore.Authentication.OAuthSSO.Server.Lab.csproj", "{02785D60-F561-4400-8DBE-BEEAB264AA80}"
EndProject
Project("{2150E333-8FDC-42A3-9474-1A3956D46DE8}") = "01.Facebook", "01.Facebook", "{BD5B50DB-1E61-405A-8546-627114DB054F}"
EndProject
Project("{2150E333-8FDC-42A3-9474-1A3956D46DE8}") = "02.Google", "02.Google", "{8BCC23FD-5EBC-44B9-96D9-F10A87155EF9}"
EndProject
Project("{2150E333-8FDC-42A3-9474-1A3956D46DE8}") = "03.Microsoft", "03.Microsoft", "{C208840D-08E0-4D0F-B110-54BB0BFDDD02}"
EndProject
Project("{2150E333-8FDC-42A3-9474-1A3956D46DE8}") = "04.GitHub", "04.GitHub", "{A643CAAF-0DAC-4D4C-A575-0F00B7CE084A}"
EndProject
Project("{2150E333-8FDC-42A3-9474-1A3956D46DE8}") = "05.Line", "05.Line", "{118CD4F8-1EBB-474B-9E76-2F06FE934460}"
EndProject
Project("{2150E333-8FDC-42A3-9474-1A3956D46DE8}") = "06.Liff", "06.Liff", "{CEAE6A2F-EBFF-419F-A486-D3B338F27425}"
EndProject
Project("{2150E333-8FDC-42A3-9474-1A3956D46DE8}") = "07.AzureAD.Users", "07.AzureAD.Users", "{06E45375-A628-43E5-A740-E93DAEB20D06}"
EndProject
Project("{2150E333-8FDC-42A3-9474-1A3956D46DE8}") = "08.AzureAD.Services", "08.AzureAD.Services", "{A11DD116-5607-4D7E-ACE8-7BC03CB91068}"
EndProject
Project("{2150E333-8FDC-42A3-9474-1A3956D46DE8}") = "09.SecurityTokens", "09.SecurityTokens", "{38653B29-C7A0-4113-B3C6-4A4765516C6A}"
EndProject
Global
	GlobalSection(SolutionConfigurationPlatforms) = preSolution
		Debug|Any CPU = Debug|Any CPU
		Release|Any CPU = Release|Any CPU
	EndGlobalSection
	GlobalSection(ProjectConfigurationPlatforms) = postSolution
		{579C7E67-5702-470D-851B-E26D8508E81C}.Debug|Any CPU.ActiveCfg = Debug|Any CPU
		{579C7E67-5702-470D-851B-E26D8508E81C}.Debug|Any CPU.Build.0 = Debug|Any CPU
		{579C7E67-5702-470D-851B-E26D8508E81C}.Release|Any CPU.ActiveCfg = Release|Any CPU
		{579C7E67-5702-470D-851B-E26D8508E81C}.Release|Any CPU.Build.0 = Release|Any CPU
		{CD53A4C1-1C1D-463A-A2A0-C77698D908B2}.Debug|Any CPU.ActiveCfg = Debug|Any CPU
		{CD53A4C1-1C1D-463A-A2A0-C77698D908B2}.Debug|Any CPU.Build.0 = Debug|Any CPU
		{CD53A4C1-1C1D-463A-A2A0-C77698D908B2}.Release|Any CPU.ActiveCfg = Release|Any CPU
		{CD53A4C1-1C1D-463A-A2A0-C77698D908B2}.Release|Any CPU.Build.0 = Release|Any CPU
		{5E5CEECB-F7D8-4E5A-899D-A478278BBB53}.Debug|Any CPU.ActiveCfg = Debug|Any CPU
		{5E5CEECB-F7D8-4E5A-899D-A478278BBB53}.Debug|Any CPU.Build.0 = Debug|Any CPU
		{5E5CEECB-F7D8-4E5A-899D-A478278BBB53}.Release|Any CPU.ActiveCfg = Release|Any CPU
		{5E5CEECB-F7D8-4E5A-899D-A478278BBB53}.Release|Any CPU.Build.0 = Release|Any CPU
		{B5ED4DB4-B363-49B3-BBF4-6B749756B1F1}.Debug|Any CPU.ActiveCfg = Debug|Any CPU
		{B5ED4DB4-B363-49B3-BBF4-6B749756B1F1}.Debug|Any CPU.Build.0 = Debug|Any CPU
		{B5ED4DB4-B363-49B3-BBF4-6B749756B1F1}.Release|Any CPU.ActiveCfg = Release|Any CPU
		{B5ED4DB4-B363-49B3-BBF4-6B749756B1F1}.Release|Any CPU.Build.0 = Release|Any CPU
		{53C26EE1-3A98-4DDD-B0F9-9AC040BA125B}.Debug|Any CPU.ActiveCfg = Debug|Any CPU
		{53C26EE1-3A98-4DDD-B0F9-9AC040BA125B}.Debug|Any CPU.Build.0 = Debug|Any CPU
		{53C26EE1-3A98-4DDD-B0F9-9AC040BA125B}.Release|Any CPU.ActiveCfg = Release|Any CPU
		{53C26EE1-3A98-4DDD-B0F9-9AC040BA125B}.Release|Any CPU.Build.0 = Release|Any CPU
		{EAA8A1A1-2BCB-411A-AB58-325628806612}.Debug|Any CPU.ActiveCfg = Debug|Any CPU
		{EAA8A1A1-2BCB-411A-AB58-325628806612}.Debug|Any CPU.Build.0 = Debug|Any CPU
		{EAA8A1A1-2BCB-411A-AB58-325628806612}.Release|Any CPU.ActiveCfg = Release|Any CPU
		{EAA8A1A1-2BCB-411A-AB58-325628806612}.Release|Any CPU.Build.0 = Release|Any CPU
		{93ED82F8-49FC-4227-B30B-37BBCD174827}.Debug|Any CPU.ActiveCfg = Debug|Any CPU
		{93ED82F8-49FC-4227-B30B-37BBCD174827}.Debug|Any CPU.Build.0 = Debug|Any CPU
		{93ED82F8-49FC-4227-B30B-37BBCD174827}.Release|Any CPU.ActiveCfg = Release|Any CPU
		{93ED82F8-49FC-4227-B30B-37BBCD174827}.Release|Any CPU.Build.0 = Release|Any CPU
		{417D6C8C-9B46-4F32-98A3-FA706B466492}.Debug|Any CPU.ActiveCfg = Debug|Any CPU
		{417D6C8C-9B46-4F32-98A3-FA706B466492}.Debug|Any CPU.Build.0 = Debug|Any CPU
		{417D6C8C-9B46-4F32-98A3-FA706B466492}.Release|Any CPU.ActiveCfg = Release|Any CPU
		{417D6C8C-9B46-4F32-98A3-FA706B466492}.Release|Any CPU.Build.0 = Release|Any CPU
		{B8A47634-0A51-409C-B512-18853DD58445}.Debug|Any CPU.ActiveCfg = Debug|Any CPU
		{B8A47634-0A51-409C-B512-18853DD58445}.Debug|Any CPU.Build.0 = Debug|Any CPU
		{B8A47634-0A51-409C-B512-18853DD58445}.Release|Any CPU.ActiveCfg = Release|Any CPU
		{B8A47634-0A51-409C-B512-18853DD58445}.Release|Any CPU.Build.0 = Release|Any CPU
		{574E26B6-F874-4BF6-ACD8-41C9545C9E0B}.Debug|Any CPU.ActiveCfg = Debug|Any CPU
		{574E26B6-F874-4BF6-ACD8-41C9545C9E0B}.Debug|Any CPU.Build.0 = Debug|Any CPU
		{574E26B6-F874-4BF6-ACD8-41C9545C9E0B}.Release|Any CPU.ActiveCfg = Release|Any CPU
		{574E26B6-F874-4BF6-ACD8-41C9545C9E0B}.Release|Any CPU.Build.0 = Release|Any CPU
		{7D21F06B-70A8-4123-807B-474C8C7ECE18}.Debug|Any CPU.ActiveCfg = Debug|Any CPU
		{7D21F06B-70A8-4123-807B-474C8C7ECE18}.Debug|Any CPU.Build.0 = Debug|Any CPU
		{7D21F06B-70A8-4123-807B-474C8C7ECE18}.Release|Any CPU.ActiveCfg = Release|Any CPU
		{7D21F06B-70A8-4123-807B-474C8C7ECE18}.Release|Any CPU.Build.0 = Release|Any CPU
		{5808EF0A-4949-41A2-B8D5-3802B57F9C9F}.Debug|Any CPU.ActiveCfg = Debug|Any CPU
		{5808EF0A-4949-41A2-B8D5-3802B57F9C9F}.Debug|Any CPU.Build.0 = Debug|Any CPU
		{5808EF0A-4949-41A2-B8D5-3802B57F9C9F}.Release|Any CPU.ActiveCfg = Release|Any CPU
		{5808EF0A-4949-41A2-B8D5-3802B57F9C9F}.Release|Any CPU.Build.0 = Release|Any CPU
		{F778CF38-9AA3-4972-92B5-55EF0A893E40}.Debug|Any CPU.ActiveCfg = Debug|Any CPU
		{F778CF38-9AA3-4972-92B5-55EF0A893E40}.Debug|Any CPU.Build.0 = Debug|Any CPU
		{F778CF38-9AA3-4972-92B5-55EF0A893E40}.Release|Any CPU.ActiveCfg = Release|Any CPU
		{F778CF38-9AA3-4972-92B5-55EF0A893E40}.Release|Any CPU.Build.0 = Release|Any CPU
		{DDAA8304-DEC7-43D4-8666-704A871CF226}.Debug|Any CPU.ActiveCfg = Debug|Any CPU
		{DDAA8304-DEC7-43D4-8666-704A871CF226}.Debug|Any CPU.Build.0 = Debug|Any CPU
		{DDAA8304-DEC7-43D4-8666-704A871CF226}.Release|Any CPU.ActiveCfg = Release|Any CPU
		{DDAA8304-DEC7-43D4-8666-704A871CF226}.Release|Any CPU.Build.0 = Release|Any CPU
		{E18027A1-8E44-4590-9281-9088BE47FED3}.Debug|Any CPU.ActiveCfg = Debug|Any CPU
		{E18027A1-8E44-4590-9281-9088BE47FED3}.Debug|Any CPU.Build.0 = Debug|Any CPU
		{E18027A1-8E44-4590-9281-9088BE47FED3}.Release|Any CPU.ActiveCfg = Release|Any CPU
		{E18027A1-8E44-4590-9281-9088BE47FED3}.Release|Any CPU.Build.0 = Release|Any CPU
		{3C3EE95C-4DD5-4D35-9079-DEDBCB10FDF4}.Debug|Any CPU.ActiveCfg = Debug|Any CPU
		{3C3EE95C-4DD5-4D35-9079-DEDBCB10FDF4}.Debug|Any CPU.Build.0 = Debug|Any CPU
		{3C3EE95C-4DD5-4D35-9079-DEDBCB10FDF4}.Release|Any CPU.ActiveCfg = Release|Any CPU
		{3C3EE95C-4DD5-4D35-9079-DEDBCB10FDF4}.Release|Any CPU.Build.0 = Release|Any CPU
		{F45FDAA6-5779-443A-9029-74A38D1AF323}.Debug|Any CPU.ActiveCfg = Debug|Any CPU
		{F45FDAA6-5779-443A-9029-74A38D1AF323}.Debug|Any CPU.Build.0 = Debug|Any CPU
		{F45FDAA6-5779-443A-9029-74A38D1AF323}.Release|Any CPU.ActiveCfg = Release|Any CPU
		{F45FDAA6-5779-443A-9029-74A38D1AF323}.Release|Any CPU.Build.0 = Release|Any CPU
		{179BC430-C593-4B9C-ADC1-EB4E237A33F5}.Debug|Any CPU.ActiveCfg = Debug|Any CPU
		{179BC430-C593-4B9C-ADC1-EB4E237A33F5}.Debug|Any CPU.Build.0 = Debug|Any CPU
		{179BC430-C593-4B9C-ADC1-EB4E237A33F5}.Release|Any CPU.ActiveCfg = Release|Any CPU
		{179BC430-C593-4B9C-ADC1-EB4E237A33F5}.Release|Any CPU.Build.0 = Release|Any CPU
		{6B3F7BE7-3E23-4DDB-9BDA-CEA812497319}.Debug|Any CPU.ActiveCfg = Debug|Any CPU
		{6B3F7BE7-3E23-4DDB-9BDA-CEA812497319}.Debug|Any CPU.Build.0 = Debug|Any CPU
		{6B3F7BE7-3E23-4DDB-9BDA-CEA812497319}.Release|Any CPU.ActiveCfg = Release|Any CPU
		{6B3F7BE7-3E23-4DDB-9BDA-CEA812497319}.Release|Any CPU.Build.0 = Release|Any CPU
		{9215427F-9042-43E6-80D3-C16D643A688B}.Debug|Any CPU.ActiveCfg = Debug|Any CPU
		{9215427F-9042-43E6-80D3-C16D643A688B}.Debug|Any CPU.Build.0 = Debug|Any CPU
		{9215427F-9042-43E6-80D3-C16D643A688B}.Release|Any CPU.ActiveCfg = Release|Any CPU
		{9215427F-9042-43E6-80D3-C16D643A688B}.Release|Any CPU.Build.0 = Release|Any CPU
		{F5EF6F8C-A7A3-4FFA-82A0-BF9C52C0983D}.Debug|Any CPU.ActiveCfg = Debug|Any CPU
		{F5EF6F8C-A7A3-4FFA-82A0-BF9C52C0983D}.Debug|Any CPU.Build.0 = Debug|Any CPU
		{F5EF6F8C-A7A3-4FFA-82A0-BF9C52C0983D}.Release|Any CPU.ActiveCfg = Release|Any CPU
		{F5EF6F8C-A7A3-4FFA-82A0-BF9C52C0983D}.Release|Any CPU.Build.0 = Release|Any CPU
		{7169617A-447F-4F96-AA73-6F3E48858BF0}.Debug|Any CPU.ActiveCfg = Debug|Any CPU
		{7169617A-447F-4F96-AA73-6F3E48858BF0}.Debug|Any CPU.Build.0 = Debug|Any CPU
		{7169617A-447F-4F96-AA73-6F3E48858BF0}.Release|Any CPU.ActiveCfg = Release|Any CPU
		{7169617A-447F-4F96-AA73-6F3E48858BF0}.Release|Any CPU.Build.0 = Release|Any CPU
		{E65728DD-FA90-4C78-A289-805462F8B818}.Debug|Any CPU.ActiveCfg = Debug|Any CPU
		{E65728DD-FA90-4C78-A289-805462F8B818}.Debug|Any CPU.Build.0 = Debug|Any CPU
		{E65728DD-FA90-4C78-A289-805462F8B818}.Release|Any CPU.ActiveCfg = Release|Any CPU
		{E65728DD-FA90-4C78-A289-805462F8B818}.Release|Any CPU.Build.0 = Release|Any CPU
		{13009256-0BE8-4CC2-A38A-CA35D7DFFFEB}.Debug|Any CPU.ActiveCfg = Debug|Any CPU
		{13009256-0BE8-4CC2-A38A-CA35D7DFFFEB}.Debug|Any CPU.Build.0 = Debug|Any CPU
		{13009256-0BE8-4CC2-A38A-CA35D7DFFFEB}.Release|Any CPU.ActiveCfg = Release|Any CPU
		{13009256-0BE8-4CC2-A38A-CA35D7DFFFEB}.Release|Any CPU.Build.0 = Release|Any CPU
		{BE2176BD-9BD9-4C10-98FF-4825CC31FC91}.Debug|Any CPU.ActiveCfg = Debug|Any CPU
		{BE2176BD-9BD9-4C10-98FF-4825CC31FC91}.Debug|Any CPU.Build.0 = Debug|Any CPU
		{BE2176BD-9BD9-4C10-98FF-4825CC31FC91}.Release|Any CPU.ActiveCfg = Release|Any CPU
		{BE2176BD-9BD9-4C10-98FF-4825CC31FC91}.Release|Any CPU.Build.0 = Release|Any CPU
		{0F2BF976-9D03-47CB-82AA-11F8E8B48B0B}.Debug|Any CPU.ActiveCfg = Debug|Any CPU
		{0F2BF976-9D03-47CB-82AA-11F8E8B48B0B}.Debug|Any CPU.Build.0 = Debug|Any CPU
		{0F2BF976-9D03-47CB-82AA-11F8E8B48B0B}.Release|Any CPU.ActiveCfg = Release|Any CPU
		{0F2BF976-9D03-47CB-82AA-11F8E8B48B0B}.Release|Any CPU.Build.0 = Release|Any CPU
		{26867802-D0A5-46A5-9494-96679CE85D4E}.Debug|Any CPU.ActiveCfg = Debug|Any CPU
		{26867802-D0A5-46A5-9494-96679CE85D4E}.Debug|Any CPU.Build.0 = Debug|Any CPU
		{26867802-D0A5-46A5-9494-96679CE85D4E}.Release|Any CPU.ActiveCfg = Release|Any CPU
		{26867802-D0A5-46A5-9494-96679CE85D4E}.Release|Any CPU.Build.0 = Release|Any CPU
		{02785D60-F561-4400-8DBE-BEEAB264AA80}.Debug|Any CPU.ActiveCfg = Debug|Any CPU
		{02785D60-F561-4400-8DBE-BEEAB264AA80}.Debug|Any CPU.Build.0 = Debug|Any CPU
		{02785D60-F561-4400-8DBE-BEEAB264AA80}.Release|Any CPU.ActiveCfg = Release|Any CPU
		{02785D60-F561-4400-8DBE-BEEAB264AA80}.Release|Any CPU.Build.0 = Release|Any CPU
	EndGlobalSection
	GlobalSection(SolutionProperties) = preSolution
		HideSolutionNode = FALSE
	EndGlobalSection
	GlobalSection(NestedProjects) = preSolution
		{579C7E67-5702-470D-851B-E26D8508E81C} = {37B13F09-6874-4083-839E-4EFC815809AB}
		{CD53A4C1-1C1D-463A-A2A0-C77698D908B2} = {37B13F09-6874-4083-839E-4EFC815809AB}
		{5E5CEECB-F7D8-4E5A-899D-A478278BBB53} = {BD5B50DB-1E61-405A-8546-627114DB054F}
		{B5ED4DB4-B363-49B3-BBF4-6B749756B1F1} = {BD5B50DB-1E61-405A-8546-627114DB054F}
		{53C26EE1-3A98-4DDD-B0F9-9AC040BA125B} = {A643CAAF-0DAC-4D4C-A575-0F00B7CE084A}
		{EAA8A1A1-2BCB-411A-AB58-325628806612} = {A643CAAF-0DAC-4D4C-A575-0F00B7CE084A}
		{93ED82F8-49FC-4227-B30B-37BBCD174827} = {8BCC23FD-5EBC-44B9-96D9-F10A87155EF9}
		{417D6C8C-9B46-4F32-98A3-FA706B466492} = {8BCC23FD-5EBC-44B9-96D9-F10A87155EF9}
		{B8A47634-0A51-409C-B512-18853DD58445} = {CEAE6A2F-EBFF-419F-A486-D3B338F27425}
		{574E26B6-F874-4BF6-ACD8-41C9545C9E0B} = {CEAE6A2F-EBFF-419F-A486-D3B338F27425}
		{7D21F06B-70A8-4123-807B-474C8C7ECE18} = {118CD4F8-1EBB-474B-9E76-2F06FE934460}
		{5808EF0A-4949-41A2-B8D5-3802B57F9C9F} = {118CD4F8-1EBB-474B-9E76-2F06FE934460}
		{F778CF38-9AA3-4972-92B5-55EF0A893E40} = {C208840D-08E0-4D0F-B110-54BB0BFDDD02}
		{DDAA8304-DEC7-43D4-8666-704A871CF226} = {C208840D-08E0-4D0F-B110-54BB0BFDDD02}
		{E18027A1-8E44-4590-9281-9088BE47FED3} = {06E45375-A628-43E5-A740-E93DAEB20D06}
		{3C3EE95C-4DD5-4D35-9079-DEDBCB10FDF4} = {06E45375-A628-43E5-A740-E93DAEB20D06}
		{F45FDAA6-5779-443A-9029-74A38D1AF323} = {A11DD116-5607-4D7E-ACE8-7BC03CB91068}
		{179BC430-C593-4B9C-ADC1-EB4E237A33F5} = {A11DD116-5607-4D7E-ACE8-7BC03CB91068}
		{6B3F7BE7-3E23-4DDB-9BDA-CEA812497319} = {C73DDDF6-CF5C-4935-9F8F-8AE5717C8A2E}
		{9215427F-9042-43E6-80D3-C16D643A688B} = {C73DDDF6-CF5C-4935-9F8F-8AE5717C8A2E}
		{F5EF6F8C-A7A3-4FFA-82A0-BF9C52C0983D} = {38653B29-C7A0-4113-B3C6-4A4765516C6A}
		{7169617A-447F-4F96-AA73-6F3E48858BF0} = {38653B29-C7A0-4113-B3C6-4A4765516C6A}
		{E65728DD-FA90-4C78-A289-805462F8B818} = {E4705273-E2D2-43EB-B431-8943CA3595B8}
		{13009256-0BE8-4CC2-A38A-CA35D7DFFFEB} = {E4705273-E2D2-43EB-B431-8943CA3595B8}
		{4D5ABD9C-AF57-49EC-A676-CD61EDD0FE68} = {37B13F09-6874-4083-839E-4EFC815809AB}
		{BE2176BD-9BD9-4C10-98FF-4825CC31FC91} = {4D5ABD9C-AF57-49EC-A676-CD61EDD0FE68}
		{0F2BF976-9D03-47CB-82AA-11F8E8B48B0B} = {4D5ABD9C-AF57-49EC-A676-CD61EDD0FE68}
		{26867802-D0A5-46A5-9494-96679CE85D4E} = {4D5ABD9C-AF57-49EC-A676-CD61EDD0FE68}
		{02785D60-F561-4400-8DBE-BEEAB264AA80} = {4D5ABD9C-AF57-49EC-A676-CD61EDD0FE68}
		{BD5B50DB-1E61-405A-8546-627114DB054F} = {37B13F09-6874-4083-839E-4EFC815809AB}
		{8BCC23FD-5EBC-44B9-96D9-F10A87155EF9} = {37B13F09-6874-4083-839E-4EFC815809AB}
		{C208840D-08E0-4D0F-B110-54BB0BFDDD02} = {37B13F09-6874-4083-839E-4EFC815809AB}
		{A643CAAF-0DAC-4D4C-A575-0F00B7CE084A} = {37B13F09-6874-4083-839E-4EFC815809AB}
		{118CD4F8-1EBB-474B-9E76-2F06FE934460} = {37B13F09-6874-4083-839E-4EFC815809AB}
		{CEAE6A2F-EBFF-419F-A486-D3B338F27425} = {37B13F09-6874-4083-839E-4EFC815809AB}
		{06E45375-A628-43E5-A740-E93DAEB20D06} = {37B13F09-6874-4083-839E-4EFC815809AB}
		{A11DD116-5607-4D7E-ACE8-7BC03CB91068} = {37B13F09-6874-4083-839E-4EFC815809AB}
		{38653B29-C7A0-4113-B3C6-4A4765516C6A} = {37B13F09-6874-4083-839E-4EFC815809AB}
	EndGlobalSection
	GlobalSection(ExtensibilityGlobals) = postSolution
		SolutionGuid = {5BB6772C-B470-4A8E-93F5-DACAD77AC5D2}
	EndGlobalSection
EndGlobal
